
Microsoft Visual Studio Solution File, Format Version 12.00
# Visual Studio Version 16
VisualStudioVersion = 16.0.32802.440
MinimumVisualStudioVersion = 10.0.40219.1
Project("{8BC9CEB8-8B4A-11D0-8D11-00A0C91BC942}") = "Example4.13", "Example4.13.vcxproj", "{49FE5CBA-D8CE-440C-AF38-F26DB3ABEBE4}"
EndProject
Global
	GlobalSection(SolutionConfigurationPlatforms) = preSolution
		Debug|x64 = Debug|x64
		Debug|x86 = Debug|x86
		Release|x64 = Release|x64
		Release|x86 = Release|x86
	EndGlobalSection
	GlobalSection(ProjectConfigurationPlatforms) = postSolution
		{49FE5CBA-D8CE-440C-AF38-F26DB3ABEBE4}.Debug|x64.ActiveCfg = Debug|x64
		{49FE5CBA-D8CE-440C-AF38-F26DB3ABEBE4}.Debug|x64.Build.0 = Debug|x64
		{49FE5CBA-D8CE-440C-AF38-F26DB3ABEBE4}.Debug|x86.ActiveCfg = Debug|Win32
		{49FE5CBA-D8CE-440C-AF38-F26DB3ABEBE4}.Debug|x86.Build.0 = Debug|Win32
		{49FE5CBA-D8CE-440C-AF38-F26DB3ABEBE4}.Release|x64.ActiveCfg = Release|x64
		{49FE5CBA-D8CE-440C-AF38-F26DB3ABEBE4}.Release|x64.Build.0 = Release|x64
		{49FE5CBA-D8CE-440C-AF38-F26DB3ABEBE4}.Release|x86.ActiveCfg = Release|Win32
		{49FE5CBA-D8CE-440C-AF38-F26DB3ABEBE4}.Release|x86.Build.0 = Release|Win32
	EndGlobalSection
	GlobalSection(SolutionProperties) = preSolution
		HideSolutionNode = FALSE
	EndGlobalSection
	GlobalSection(ExtensibilityGlobals) = postSolution
		SolutionGuid = {A1F3431D-6289-466C-93F7-E66FCC7235B8}
	EndGlobalSection
EndGlobal
